// !$*UTF8*$!
{
	archiveVersion = 1;
	classes = {
	};
	objectVersion = 46;
	objects = {

/* Begin PBXBuildFile section */
		A4C2F4441B78B02200DA33B7 /* main.m in Sources */ = {isa = PBXBuildFile; fileRef = A4C2F4431B78B02200DA33B7 /* main.m */; };
		A4C2F4471B78B02200DA33B7 /* AppDelegate.m in Sources */ = {isa = PBXBuildFile; fileRef = A4C2F4461B78B02200DA33B7 /* AppDelegate.m */; };
		A4C2F44A1B78B02200DA33B7 /* ViewController.m in Sources */ = {isa = PBXBuildFile; fileRef = A4C2F4491B78B02200DA33B7 /* ViewController.m */; };
		A4C2F44D1B78B02200DA33B7 /* Main.storyboard in Resources */ = {isa = PBXBuildFile; fileRef = A4C2F44B1B78B02200DA33B7 /* Main.storyboard */; };
		A4C2F44F1B78B02200DA33B7 /* Images.xcassets in Resources */ = {isa = PBXBuildFile; fileRef = A4C2F44E1B78B02200DA33B7 /* Images.xcassets */; };
		A4C2F4521B78B02200DA33B7 /* LaunchScreen.xib in Resources */ = {isa = PBXBuildFile; fileRef = A4C2F4501B78B02200DA33B7 /* LaunchScreen.xib */; };
		A4C2F45E1B78B02200DA33B7 /* Claire_s_Photo_AppTests.m in Sources */ = {isa = PBXBuildFile; fileRef = A4C2F45D1B78B02200DA33B7 /* Claire_s_Photo_AppTests.m */; };
/* End PBXBuildFile section */

/* Begin PBXContainerItemProxy section */
		A4C2F4581B78B02200DA33B7 /* PBXContainerItemProxy */ = {
			isa = PBXContainerItemProxy;
			containerPortal = A4C2F4361B78B02200DA33B7 /* Project object */;
			proxyType = 1;
			remoteGlobalIDString = A4C2F43D1B78B02200DA33B7;
			remoteInfo = "Claire's Photo App";
		};
/* End PBXContainerItemProxy section */

/* Begin PBXFileReference section */
		A4C2F43E1B78B02200DA33B7 /* Claire's Photo App.app */ = {isa = PBXFileReference; explicitFileType = wrapper.application; includeInIndex = 0; path = "Claire's Photo App.app"; sourceTree = BUILT_PRODUCTS_DIR; };
		A4C2F4421B78B02200DA33B7 /* Info.plist */ = {isa = PBXFileReference; lastKnownFileType = text.plist.xml; path = Info.plist; sourceTree = "<group>"; };
		A4C2F4431B78B02200DA33B7 /* main.m */ = {isa = PBXFileReference; lastKnownFileType = sourcecode.c.objc; path = main.m; sourceTree = "<group>"; };
		A4C2F4451B78B02200DA33B7 /* AppDelegate.h */ = {isa = PBXFileReference; lastKnownFileType = sourcecode.c.h; path = AppDelegate.h; sourceTree = "<group>"; };
		A4C2F4461B78B02200DA33B7 /* AppDelegate.m */ = {isa = PBXFileReference; lastKnownFileType = sourcecode.c.objc; path = AppDelegate.m; sourceTree = "<group>"; };
		A4C2F4481B78B02200DA33B7 /* ViewController.h */ = {isa = PBXFileReference; lastKnownFileType = sourcecode.c.h; path = ViewController.h; sourceTree = "<group>"; };
		A4C2F4491B78B02200DA33B7 /* ViewController.m */ = {isa = PBXFileReference; lastKnownFileType = sourcecode.c.objc; path = ViewController.m; sourceTree = "<group>"; };
		A4C2F44C1B78B02200DA33B7 /* Base */ = {isa = PBXFileReference; lastKnownFileType = file.storyboard; name = Base; path = Base.lproj/Main.storyboard; sourceTree = "<group>"; };
		A4C2F44E1B78B02200DA33B7 /* Images.xcassets */ = {isa = PBXFileReference; lastKnownFileType = folder.assetcatalog; path = Images.xcassets; sourceTree = "<group>"; };
		A4C2F4511B78B02200DA33B7 /* Base */ = {isa = PBXFileReference; lastKnownFileType = file.xib; name = Base; path = Base.lproj/LaunchScreen.xib; sourceTree = "<group>"; };
		A4C2F4571B78B02200DA33B7 /* Claire's Photo AppTests.xctest */ = {isa = PBXFileReference; explicitFileType = wrapper.cfbundle; includeInIndex = 0; path = "Claire's Photo AppTests.xctest"; sourceTree = BUILT_PRODUCTS_DIR; };
		A4C2F45C1B78B02200DA33B7 /* Info.plist */ = {isa = PBXFileReference; lastKnownFileType = text.plist.xml; path = Info.plist; sourceTree = "<group>"; };
		A4C2F45D1B78B02200DA33B7 /* Claire_s_Photo_AppTests.m */ = {isa = PBXFileReference; lastKnownFileType = sourcecode.c.objc; path = Claire_s_Photo_AppTests.m; sourceTree = "<group>"; };
/* End PBXFileReference section */

/* Begin PBXFrameworksBuildPhase section */
		A4C2F43B1B78B02200DA33B7 /* Frameworks */ = {
			isa = PBXFrameworksBuildPhase;
			buildActionMask = 2147483647;
			files = (
			);
			runOnlyForDeploymentPostprocessing = 0;
		};
		A4C2F4541B78B02200DA33B7 /* Frameworks */ = {
			isa = PBXFrameworksBuildPhase;
			buildActionMask = 2147483647;
			files = (
			);
			runOnlyForDeploymentPostprocessing = 0;
		};
/* End PBXFrameworksBuildPhase section */

/* Begin PBXGroup section */
		A4C2F4351B78B02200DA33B7 = {
			isa = PBXGroup;
			children = (
				A4C2F4401B78B02200DA33B7 /* Claire's Photo App */,
				A4C2F45A1B78B02200DA33B7 /* Claire's Photo AppTests */,
				A4C2F43F1B78B02200DA33B7 /* Products */,
			);
			sourceTree = "<group>";
		};
		A4C2F43F1B78B02200DA33B7 /* Products */ = {
			isa = PBXGroup;
			children = (
				A4C2F43E1B78B02200DA33B7 /* Claire's Photo App.app */,
				A4C2F4571B78B02200DA33B7 /* Claire's Photo AppTests.xctest */,
			);
			name = Products;
			sourceTree = "<group>";
		};
		A4C2F4401B78B02200DA33B7 /* Claire's Photo App */ = {
			isa = PBXGroup;
			children = (
				A4C2F4451B78B02200DA33B7 /* AppDelegate.h */,
				A4C2F4461B78B02200DA33B7 /* AppDelegate.m */,
				A4C2F4481B78B02200DA33B7 /* ViewController.h */,
				A4C2F4491B78B02200DA33B7 /* ViewController.m */,
				A4C2F44B1B78B02200DA33B7 /* Main.storyboard */,
				A4C2F44E1B78B02200DA33B7 /* Images.xcassets */,
				A4C2F4501B78B02200DA33B7 /* LaunchScreen.xib */,
				A4C2F4411B78B02200DA33B7 /* Supporting Files */,
			);
			path = "Claire's Photo App";
			sourceTree = "<group>";
		};
		A4C2F4411B78B02200DA33B7 /* Supporting Files */ = {
			isa = PBXGroup;
			children = (
				A4C2F4421B78B02200DA33B7 /* Info.plist */,
				A4C2F4431B78B02200DA33B7 /* main.m */,
			);
			name = "Supporting Files";
			sourceTree = "<group>";
		};
		A4C2F45A1B78B02200DA33B7 /* Claire's Photo AppTests */ = {
			isa = PBXGroup;
			children = (
				A4C2F45D1B78B02200DA33B7 /* Claire_s_Photo_AppTests.m */,
				A4C2F45B1B78B02200DA33B7 /* Supporting Files */,
			);
			path = "Claire's Photo AppTests";
			sourceTree = "<group>";
		};
		A4C2F45B1B78B02200DA33B7 /* Supporting Files */ = {
			isa = PBXGroup;
			children = (
				A4C2F45C1B78B02200DA33B7 /* Info.plist */,
			);
			name = "Supporting Files";
			sourceTree = "<group>";
		};
/* End PBXGroup section */

/* Begin PBXNativeTarget section */
		A4C2F43D1B78B02200DA33B7 /* Claire's Photo App */ = {
			isa = PBXNativeTarget;
			buildConfigurationList = A4C2F4611B78B02200DA33B7 /* Build configuration list for PBXNativeTarget "Claire's Photo App" */;
			buildPhases = (
				A4C2F43A1B78B02200DA33B7 /* Sources */,
				A4C2F43B1B78B02200DA33B7 /* Frameworks */,
				A4C2F43C1B78B02200DA33B7 /* Resources */,
			);
			buildRules = (
			);
			dependencies = (
			);
			name = "Claire's Photo App";
			productName = "Claire's Photo App";
			productReference = A4C2F43E1B78B02200DA33B7 /* Claire's Photo App.app */;
			productType = "com.apple.product-type.application";
		};
		A4C2F4561B78B02200DA33B7 /* Claire's Photo AppTests */ = {
			isa = PBXNativeTarget;
			buildConfigurationList = A4C2F4641B78B02200DA33B7 /* Build configuration list for PBXNativeTarget "Claire's Photo AppTests" */;
			buildPhases = (
				A4C2F4531B78B02200DA33B7 /* Sources */,
				A4C2F4541B78B02200DA33B7 /* Frameworks */,
				A4C2F4551B78B02200DA33B7 /* Resources */,
			);
			buildRules = (
			);
			dependencies = (
				A4C2F4591B78B02200DA33B7 /* PBXTargetDependency */,
			);
			name = "Claire's Photo AppTests";
			productName = "Claire's Photo AppTests";
			productReference = A4C2F4571B78B02200DA33B7 /* Claire's Photo AppTests.xctest */;
			productType = "com.apple.product-type.bundle.unit-test";
		};
/* End PBXNativeTarget section */

/* Begin PBXProject section */
		A4C2F4361B78B02200DA33B7 /* Project object */ = {
			isa = PBXProject;
			attributes = {
				LastUpgradeCheck = 0640;
				ORGANIZATIONNAME = "Felix King";
				TargetAttributes = {
					A4C2F43D1B78B02200DA33B7 = {
						CreatedOnToolsVersion = 6.4;
					};
					A4C2F4561B78B02200DA33B7 = {
						CreatedOnToolsVersion = 6.4;
						TestTargetID = A4C2F43D1B78B02200DA33B7;
					};
				};
			};
			buildConfigurationList = A4C2F4391B78B02200DA33B7 /* Build configuration list for PBXProject "Claire's Photo App" */;
			compatibilityVersion = "Xcode 3.2";
			developmentRegion = English;
			hasScannedForEncodings = 0;
			knownRegions = (
				en,
				Base,
			);
			mainGroup = A4C2F4351B78B02200DA33B7;
			productRefGroup = A4C2F43F1B78B02200DA33B7 /* Products */;
			projectDirPath = "";
			projectRoot = "";
			targets = (
				A4C2F43D1B78B02200DA33B7 /* Claire's Photo App */,
				A4C2F4561B78B02200DA33B7 /* Claire's Photo AppTests */,
			);
		};
/* End PBXProject section */

/* Begin PBXResourcesBuildPhase section */
		A4C2F43C1B78B02200DA33B7 /* Resources */ = {
			isa = PBXResourcesBuildPhase;
			buildActionMask = 2147483647;
			files = (
				A4C2F44D1B78B02200DA33B7 /* Main.storyboard in Resources */,
				A4C2F4521B78B02200DA33B7 /* LaunchScreen.xib in Resources */,
				A4C2F44F1B78B02200DA33B7 /* Images.xcassets in Resources */,
			);
			runOnlyForDeploymentPostprocessing = 0;
		};
		A4C2F4551B78B02200DA33B7 /* Resources */ = {
			isa = PBXResourcesBuildPhase;
			buildActionMask = 2147483647;
			files = (
			);
			runOnlyForDeploymentPostprocessing = 0;
		};
/* End PBXResourcesBuildPhase section */

/* Begin PBXSourcesBuildPhase section */
		A4C2F43A1B78B02200DA33B7 /* Sources */ = {
			isa = PBXSourcesBuildPhase;
			buildActionMask = 2147483647;
			files = (
				A4C2F44A1B78B02200DA33B7 /* ViewController.m in Sources */,
				A4C2F4471B78B02200DA33B7 /* AppDelegate.m in Sources */,
				A4C2F4441B78B02200DA33B7 /* main.m in Sources */,
			);
			runOnlyForDeploymentPostprocessing = 0;
		};
		A4C2F4531B78B02200DA33B7 /* Sources */ = {
			isa = PBXSourcesBuildPhase;
			buildActionMask = 2147483647;
			files = (
				A4C2F45E1B78B02200DA33B7 /* Claire_s_Photo_AppTests.m in Sources */,
			);
			runOnlyForDeploymentPostprocessing = 0;
		};
/* End PBXSourcesBuildPhase section */

/* Begin PBXTargetDependency section */
		A4C2F4591B78B02200DA33B7 /* PBXTargetDependency */ = {
			isa = PBXTargetDependency;
			target = A4C2F43D1B78B02200DA33B7 /* Claire's Photo App */;
			targetProxy = A4C2F4581B78B02200DA33B7 /* PBXContainerItemProxy */;
		};
/* End PBXTargetDependency section */

/* Begin PBXVariantGroup section */
		A4C2F44B1B78B02200DA33B7 /* Main.storyboard */ = {
			isa = PBXVariantGroup;
			children = (
				A4C2F44C1B78B02200DA33B7 /* Base */,
			);
			name = Main.storyboard;
			sourceTree = "<group>";
		};
		A4C2F4501B78B02200DA33B7 /* LaunchScreen.xib */ = {
			isa = PBXVariantGroup;
			children = (
				A4C2F4511B78B02200DA33B7 /* Base */,
			);
			name = LaunchScreen.xib;
			sourceTree = "<group>";
		};
/* End PBXVariantGroup section */

/* Begin XCBuildConfiguration section */
		A4C2F45F1B78B02200DA33B7 /* Debug */ = {
			isa = XCBuildConfiguration;
			buildSettings = {
				ALWAYS_SEARCH_USER_PATHS = NO;
				CLANG_CXX_LANGUAGE_STANDARD = "gnu++0x";
				CLANG_CXX_LIBRARY = "libc++";
				CLANG_ENABLE_MODULES = YES;
				CLANG_ENABLE_OBJC_ARC = YES;
				CLANG_WARN_BOOL_CONVERSION = YES;
				CLANG_WARN_CONSTANT_CONVERSION = YES;
				CLANG_WARN_DIRECT_OBJC_ISA_USAGE = YES_ERROR;
				CLANG_WARN_EMPTY_BODY = YES;
				CLANG_WARN_ENUM_CONVERSION = YES;
				CLANG_WARN_INT_CONVERSION = YES;
				CLANG_WARN_OBJC_ROOT_CLASS = YES_ERROR;
				CLANG_WARN_UNREACHABLE_CODE = YES;
				CLANG_WARN__DUPLICATE_METHOD_MATCH = YES;
				"CODE_SIGN_IDENTITY[sdk=iphoneos*]" = "iPhone Developer";
				COPY_PHASE_STRIP = NO;
				DEBUG_INFORMATION_FORMAT = "dwarf-with-dsym";
				ENABLE_STRICT_OBJC_MSGSEND = YES;
				GCC_C_LANGUAGE_STANDARD = gnu99;
				GCC_DYNAMIC_NO_PIC = NO;
				GCC_NO_COMMON_BLOCKS = YES;
				GCC_OPTIMIZATION_LEVEL = 0;
				GCC_PREPROCESSOR_DEFINITIONS = (
					"DEBUG=1",
					"$(inherited)",
				);
				GCC_SYMBOLS_PRIVATE_EXTERN = NO;
				GCC_WARN_64_TO_32_BIT_CONVERSION = YES;
				GCC_WARN_ABOUT_RETURN_TYPE = YES_ERROR;
				GCC_WARN_UNDECLARED_SELECTOR = YES;
				GCC_WARN_UNINITIALIZED_AUTOS = YES_AGGRESSIVE;
				GCC_WARN_UNUSED_FUNCTION = YES;
				GCC_WARN_UNUSED_VARIABLE = YES;
				IPHONEOS_DEPLOYMENT_TARGET = 8.4;
				MTL_ENABLE_DEBUG_INFO = YES;
				ONLY_ACTIVE_ARCH = YES;
				SDKROOT = iphoneos;
				TARGETED_DEVICE_FAMILY = "1,2";
			};
			name = Debug;
		};
		A4C2F4601B78B02200DA33B7 /* Release */ = {
			isa = XCBuildConfiguration;
			buildSettings = {
				ALWAYS_SEARCH_USER_PATHS = NO;
				CLANG_CXX_LANGUAGE_STANDARD = "gnu++0x";
				CLANG_CXX_LIBRARY = "libc++";
				CLANG_ENABLE_MODULES = YES;
				CLANG_ENABLE_OBJC_ARC = YES;
				CLANG_WARN_BOOL_CONVERSION = YES;
				CLANG_WARN_CONSTANT_CONVERSION = YES;
				CLANG_WARN_DIRECT_OBJC_ISA_USAGE = YES_ERROR;
				CLANG_WARN_EMPTY_BODY = YES;
				CLANG_WARN_ENUM_CONVERSION = YES;
				CLANG_WARN_INT_CONVERSION = YES;
				CLANG_WARN_OBJC_ROOT_CLASS = YES_ERROR;
				CLANG_WARN_UNREACHABLE_CODE = YES;
				CLANG_WARN__DUPLICATE_METHOD_MATCH = YES;
				"CODE_SIGN_IDENTITY[sdk=iphoneos*]" = "iPhone Developer";
				COPY_PHASE_STRIP = NO;
				DEBUG_INFORMATION_FORMAT = "dwarf-with-dsym";
				ENABLE_NS_ASSERTIONS = NO;
				ENABLE_STRICT_OBJC_MSGSEND = YES;
				GCC_C_LANGUAGE_STANDARD = gnu99;
				GCC_NO_COMMON_BLOCKS = YES;
				GCC_WARN_64_TO_32_BIT_CONVERSION = YES;
				GCC_WARN_ABOUT_RETURN_TYPE = YES_ERROR;
				GCC_WARN_UNDECLARED_SELECTOR = YES;
				GCC_WARN_UNINITIALIZED_AUTOS = YES_AGGRESSIVE;
				GCC_WARN_UNUSED_FUNCTION = YES;
				GCC_WARN_UNUSED_VARIABLE = YES;
				IPHONEOS_DEPLOYMENT_TARGET = 8.4;
				MTL_ENABLE_DEBUG_INFO = NO;
				SDKROOT = iphoneos;
				TARGETED_DEVICE_FAMILY = "1,2";
				VALIDATE_PRODUCT = YES;
			};
			name = Release;
		};
		A4C2F4621B78B02200DA33B7 /* Debug */ = {
			isa = XCBuildConfiguration;
			buildSettings = {
				ASSETCATALOG_COMPILER_APPICON_NAME = AppIcon;
				INFOPLIST_FILE = "Claire's Photo App/Info.plist";
				LD_RUNPATH_SEARCH_PATHS = "$(inherited) @executable_path/Frameworks";
				PRODUCT_NAME = "$(TARGET_NAME)";
			};
			name = Debug;
		};
		A4C2F4631B78B02200DA33B7 /* Release */ = {
			isa = XCBuildConfiguration;
			buildSettings = {
				ASSETCATALOG_COMPILER_APPICON_NAME = AppIcon;
				INFOPLIST_FILE = "Claire's Photo App/Info.plist";
				LD_RUNPATH_SEARCH_PATHS = "$(inherited) @executable_path/Frameworks";
				PRODUCT_NAME = "$(TARGET_NAME)";
			};
			name = Release;
		};
		A4C2F4651B78B02200DA33B7 /* Debug */ = {
			isa = XCBuildConfiguration;
			buildSettings = {
				BUNDLE_LOADER = "$(TEST_HOST)";
				FRAMEWORK_SEARCH_PATHS = (
					"$(SDKROOT)/Developer/Library/Frameworks",
					"$(inherited)",
				);
				GCC_PREPROCESSOR_DEFINITIONS = (
					"DEBUG=1",
					"$(inherited)",
				);
				INFOPLIST_FILE = "Claire's Photo AppTests/Info.plist";
				LD_RUNPATH_SEARCH_PATHS = "$(inherited) @executable_path/Frameworks @loader_path/Frameworks";
				PRODUCT_NAME = "$(TARGET_NAME)";
				TEST_HOST = "$(BUILT_PRODUCTS_DIR)/Claire's Photo App.app/Claire's Photo App";
			};
			name = Debug;
		};
		A4C2F4661B78B02200DA33B7 /* Release */ = {
			isa = XCBuildConfiguration;
			buildSettings = {
				BUNDLE_LOADER = "$(TEST_HOST)";
				FRAMEWORK_SEARCH_PATHS = (
					"$(SDKROOT)/Developer/Library/Frameworks",
					"$(inherited)",
				);
				INFOPLIST_FILE = "Claire's Photo AppTests/Info.plist";
				LD_RUNPATH_SEARCH_PATHS = "$(inherited) @executable_path/Frameworks @loader_path/Frameworks";
				PRODUCT_NAME = "$(TARGET_NAME)";
				TEST_HOST = "$(BUILT_PRODUCTS_DIR)/Claire's Photo App.app/Claire's Photo App";
			};
			name = Release;
		};
/* End XCBuildConfiguration section */

/* Begin XCConfigurationList section */
		A4C2F4391B78B02200DA33B7 /* Build configuration list for PBXProject "Claire's Photo App" */ = {
			isa = XCConfigurationList;
			buildConfigurations = (
				A4C2F45F1B78B02200DA33B7 /* Debug */,
				A4C2F4601B78B02200DA33B7 /* Release */,
			);
			defaultConfigurationIsVisible = 0;
			defaultConfigurationName = Release;
		};
		A4C2F4611B78B02200DA33B7 /* Build configuration list for PBXNativeTarget "Claire's Photo App" */ = {
			isa = XCConfigurationList;
			buildConfigurations = (
				A4C2F4621B78B02200DA33B7 /* Debug */,
				A4C2F4631B78B02200DA33B7 /* Release */,
			);
			defaultConfigurationIsVisible = 0;
		};
		A4C2F4641B78B02200DA33B7 /* Build configuration list for PBXNativeTarget "Claire's Photo AppTests" */ = {
			isa = XCConfigurationList;
			buildConfigurations = (
				A4C2F4651B78B02200DA33B7 /* Debug */,
				A4C2F4661B78B02200DA33B7 /* Release */,
			);
			defaultConfigurationIsVisible = 0;
		};
/* End XCConfigurationList section */
	};
	rootObject = A4C2F4361B78B02200DA33B7 /* Project object */;
}
